<?xml version="1.0" encoding="utf-8"?>
<Project ToolsVersion="4.0" xmlns="http://schemas.microsoft.com/developer/msbuild/2003">
  <ItemGroup>
    <Filter Include="源文件">
      <UniqueIdentifier>{4FC737F1-C7A5-4376-A066-2A32D752A2FF}</UniqueIdentifier>
      <Extensions>cpp;c;cc;cxx;c++;cppm;ixx;def;odl;idl;hpj;bat;asm;asmx</Extensions>
    </Filter>
    <Filter Include="头文件">
      <UniqueIdentifier>{93995380-89BD-4b04-88EB-625FBE52EBFB}</UniqueIdentifier>
      <Extensions>h;hh;hpp;hxx;h++;hm;inl;inc;ipp;xsd</Extensions>
    </Filter>
    <Filter Include="资源文件">
      <UniqueIdentifier>{67DA6AB6-F800-4c08-8B7A-83BB121AAD01}</UniqueIdentifier>
      <Extensions>rc;ico;cur;bmp;dlg;rc2;rct;bin;rgs;gif;jpg;jpeg;jpe;resx;tiff;tif;png;wav;mfcribbon-ms</Extensions>
    </Filter>
  </ItemGroup>
  <ItemGroup>
    <ClInclude Include="src\AES256.h">
      <Filter>头文件</Filter>
    </ClInclude>
    <ClInclude Include="src\best_hash.h">
      <Filter>头文件</Filter>
    </ClInclude>
    <ClInclude Include="src\Tollbox.h">
      <Filter>头文件</Filter>
    </ClInclude>
    <ClInclude Include="src\SecurityUtilsCrossplatform.h">
      <Filter>头文件</Filter>
    </ClInclude>
    <ClInclude Include="src\argon2id.h">
      <Filter>头文件</Filter>
    </ClInclude>
    <ClInclude Include="src\blake2b.h">
      <Filter>头文件</Filter>
    </ClInclude>
    <ClInclude Include="src\secure_random.h">
      <Filter>头文件</Filter>
    </ClInclude>
    <ClInclude Include="src\platform_config.h">
      <Filter>头文件</Filter>
    </ClInclude>
    <ClInclude Include="src\crypto_utils.h">
      <Filter>头文件</Filter>
    </ClInclude>
  </ItemGroup>
  <ItemGroup>
    <ClCompile Include="src\AES256.cpp">
      <Filter>源文件</Filter>
    </ClCompile>
    <ClCompile Include="src\best_hash.cpp">
      <Filter>源文件</Filter>
    </ClCompile>
    <ClCompile Include="src\blake2b.cpp">
      <Filter>源文件</Filter>
    </ClCompile>
    <ClCompile Include="src\argon2id.cpp">
      <Filter>源文件</Filter>
    </ClCompile>
    <ClCompile Include="src\secure_random.cpp">
      <Filter>源文件</Filter>
    </ClCompile>
    <ClCompile Include="src\crypto_utils.cpp">
      <Filter>源文件</Filter>
    </ClCompile>
    <ClCompile Include="src\main.cpp">
      <Filter>源文件</Filter>
    </ClCompile>
  </ItemGroup>
  <ItemGroup>
    <None Include="项目简介.md" />
    <None Include="docs\ARGON2_IMPLEMENTATION.md" />
    <None Include="docs\ARGON2_QUICK_REFERENCE.md" />
    <None Include="docs\UPGRADE_SUMMARY.md" />
    <None Include="docs\DETAILED_COMPARISON.md" />
    <None Include="docs\QUICK_START.md" />
    <None Include="README_ARGON2.md" />
    <None Include="PROJECT_COMPLETION_REPORT.md" />
    <None Include="docs\PERFORMANCE_ANALYSIS.md" />
    <None Include="docs\OPTIMIZATION_CHECKLIST.md" />
    <None Include="RUNTIME_ANALYSIS_SUMMARY.md" />
    <None Include="docs\SECURITY_ASSESSMENT.md" />
    <None Include="docs\SECURITY_QUICK_START.md" />
    <None Include="SECURITY_EXECUTIVE_SUMMARY.md" />
    <None Include="docs\SECURITY_REFERENCE_CARD.md" />
    <None Include="docs\SECURITY_IMPLEMENTATION_GUIDE.md" />
    <None Include="docs\CROSSPLATFORM_GUIDE.md" />
    <None Include="docs\CROSSPLATFORM_QUICKSTART.md" />
    <None Include="CROSSPLATFORM_SUMMARY.md" />
    <None Include="CROSSPLATFORM_CHECKLIST.md" />
    <None Include="CRYPTO_IMPLEMENTATION.md" />
    <None Include="COMPLETION_SUMMARY.md" />
    <None Include="QUICK_REFERENCE.md" />
    <None Include="README.md" />
    <None Include="CHECKLIST.md" />
    <None Include="DEVELOPER_GUIDE.md" />
    <None Include="PROJECT_STATISTICS.md" />
    <None Include="PROJECT_OVERVIEW.md" />
    <None Include="MAIN_INTEGRATION_SUMMARY.md" />
    <None Include="ENHANCED_MAIN_USAGE_GUIDE.md" />
    <None Include="MAIN_COMPLETE_VERIFICATION.md" />
    <None Include="QUICK_REFERENCE_ENHANCED.md" />
    <None Include="INTEGRATION_COMPLETION_CHECKLIST.md" />
    <None Include="MAIN_DELIVERY_CHECKLIST.md" />
    <None Include="DOCUMENTATION_INDEX.md" />
    <None Include="PROJECT_COMPLETION_SUMMARY.md" />
    <None Include="README_PROJECT_COMPLETION.md" />
    <None Include="docs\KDF_UPGRADE.md" />
    <None Include="docs\KDF_SECURITY_AUDIT.md" />
    <None Include="docs\KDF_USAGE_GUIDE.md" />
    <None Include="docs\KDF_QUICK_REFERENCE.md" />
    <None Include="docs\KDF_IMPLEMENTATION_SUMMARY.md" />
    <None Include="docs\KDF_CODE_DIFF.md" />
    <None Include="docs\README_KDF.md" />
    <None Include="KDF_PROJECT_COMPLETION.md" />
  </ItemGroup>
</Project>